
Microsoft Visual Studio Solution File, Format Version 12.00
# Visual Studio Version 16
VisualStudioVersion = 16.0.31313.79
MinimumVisualStudioVersion = 10.0.40219.1
Project("{FAE04EC0-301F-11D3-BF4B-00C04F79EFBC}") = "ProyectoReservaciones", "ProyectoReservaciones\ProyectoReservaciones.csproj", "{DBF03090-BAE4-4787-ABC8-A5ED807BDBC6}"
EndProject
Global
	GlobalSection(SolutionConfigurationPlatforms) = preSolution
		Debug|Any CPU = Debug|Any CPU
		Release|Any CPU = Release|Any CPU
	EndGlobalSection
	GlobalSection(ProjectConfigurationPlatforms) = postSolution
		{DBF03090-BAE4-4787-ABC8-A5ED807BDBC6}.Debug|Any CPU.ActiveCfg = Debug|Any CPU
		{DBF03090-BAE4-4787-ABC8-A5ED807BDBC6}.Debug|Any CPU.Build.0 = Debug|Any CPU
		{DBF03090-BAE4-4787-ABC8-A5ED807BDBC6}.Release|Any CPU.ActiveCfg = Release|Any CPU
		{DBF03090-BAE4-4787-ABC8-A5ED807BDBC6}.Release|Any CPU.Build.0 = Release|Any CPU
	EndGlobalSection
	GlobalSection(SolutionProperties) = preSolution
		HideSolutionNode = FALSE
	EndGlobalSection
	GlobalSection(ExtensibilityGlobals) = postSolution
		SolutionGuid = {4BCDE894-7422-4DA4-9893-722A884862F7}
	EndGlobalSection
EndGlobal
